
Microsoft Visual Studio Solution File, Format Version 12.00
# Visual Studio Version 17
VisualStudioVersion = 17.11.35208.52
MinimumVisualStudioVersion = 10.0.40219.1
Project("{FAE04EC0-301F-11D3-BF4B-00C04F79EFBC}") = "saturrBot", "saturrBot\saturrBot.csproj", "{61CD5031-D0CF-44CD-B42D-4A049F3A1406}"
EndProject
Global
	GlobalSection(SolutionConfigurationPlatforms) = preSolution
		Debug|Any CPU = Debug|Any CPU
		Release|Any CPU = Release|Any CPU
	EndGlobalSection
	GlobalSection(ProjectConfigurationPlatforms) = postSolution
		{61CD5031-D0CF-44CD-B42D-4A049F3A1406}.Debug|Any CPU.ActiveCfg = Debug|Any CPU
		{61CD5031-D0CF-44CD-B42D-4A049F3A1406}.Debug|Any CPU.Build.0 = Debug|Any CPU
		{61CD5031-D0CF-44CD-B42D-4A049F3A1406}.Release|Any CPU.ActiveCfg = Release|Any CPU
		{61CD5031-D0CF-44CD-B42D-4A049F3A1406}.Release|Any CPU.Build.0 = Release|Any CPU
	EndGlobalSection
	GlobalSection(SolutionProperties) = preSolution
		HideSolutionNode = FALSE
	EndGlobalSection
	GlobalSection(ExtensibilityGlobals) = postSolution
		SolutionGuid = {638AA44E-626A-4E06-A552-C1414C827BEE}
	EndGlobalSection
EndGlobal
